
Microsoft Visual Studio Solution File, Format Version 12.00
# Visual Studio 15
VisualStudioVersion = 15.0.28307.168
MinimumVisualStudioVersion = 10.0.40219.1
Project("{FAE04EC0-301F-11D3-BF4B-00C04F79EFBC}") = "InfiniteScrollDemo", "InfiniteScrollDemo\InfiniteScrollDemo.csproj", "{C4EA95A9-C77A-4D46-BC8C-13E04F520200}"
EndProject
Global
	GlobalSection(SolutionConfigurationPlatforms) = preSolution
		Debug|Any CPU = Debug|Any CPU
		Release|Any CPU = Release|Any CPU
	EndGlobalSection
	GlobalSection(ProjectConfigurationPlatforms) = postSolution
		{C4EA95A9-C77A-4D46-BC8C-13E04F520200}.Debug|Any CPU.ActiveCfg = Debug|Any CPU
		{C4EA95A9-C77A-4D46-BC8C-13E04F520200}.Debug|Any CPU.Build.0 = Debug|Any CPU
		{C4EA95A9-C77A-4D46-BC8C-13E04F520200}.Release|Any CPU.ActiveCfg = Release|Any CPU
		{C4EA95A9-C77A-4D46-BC8C-13E04F520200}.Release|Any CPU.Build.0 = Release|Any CPU
	EndGlobalSection
	GlobalSection(SolutionProperties) = preSolution
		HideSolutionNode = FALSE
	EndGlobalSection
	GlobalSection(ExtensibilityGlobals) = postSolution
		SolutionGuid = {25FEB71A-93AC-4017-B86B-DE5669E9703D}
	EndGlobalSection
EndGlobal
