
Microsoft Visual Studio Solution File, Format Version 12.00
# Visual Studio 15
VisualStudioVersion = 15.0.28010.2050
MinimumVisualStudioVersion = 10.0.40219.1
Project("{FAE04EC0-301F-11D3-BF4B-00C04F79EFBC}") = "MiddlewareAndFiltersDemo", "MiddlewareAndFiltersDemo\MiddlewareAndFiltersDemo.csproj", "{E129103F-E646-4F53-BF98-A21DEB5F7907}"
EndProject
Global
	GlobalSection(SolutionConfigurationPlatforms) = preSolution
		Debug|Any CPU = Debug|Any CPU
		Release|Any CPU = Release|Any CPU
	EndGlobalSection
	GlobalSection(ProjectConfigurationPlatforms) = postSolution
		{E129103F-E646-4F53-BF98-A21DEB5F7907}.Debug|Any CPU.ActiveCfg = Debug|Any CPU
		{E129103F-E646-4F53-BF98-A21DEB5F7907}.Debug|Any CPU.Build.0 = Debug|Any CPU
		{E129103F-E646-4F53-BF98-A21DEB5F7907}.Release|Any CPU.ActiveCfg = Release|Any CPU
		{E129103F-E646-4F53-BF98-A21DEB5F7907}.Release|Any CPU.Build.0 = Release|Any CPU
	EndGlobalSection
	GlobalSection(SolutionProperties) = preSolution
		HideSolutionNode = FALSE
	EndGlobalSection
	GlobalSection(ExtensibilityGlobals) = postSolution
		SolutionGuid = {3FFC5B40-3100-4121-85BB-7614FDE3D93C}
	EndGlobalSection
EndGlobal
