
Microsoft Visual Studio Solution File, Format Version 12.00
# Visual Studio 15
VisualStudioVersion = 15.0.28010.2050
MinimumVisualStudioVersion = 10.0.40219.1
Project("{9A19103F-16F7-4668-BE54-9A1E7A4F7556}") = "PandaToAsp", "PandaToAsp\PandaToAsp.csproj", "{BA1C272B-F833-4266-BF76-6E74B1E61B99}"
EndProject
Project("{9A19103F-16F7-4668-BE54-9A1E7A4F7556}") = "Panda.Models", "Panda.Models\Panda.Models.csproj", "{28172E41-B6E7-486A-B07D-FADCCAF5B260}"
EndProject
Project("{FAE04EC0-301F-11D3-BF4B-00C04F79EFBC}") = "Panda.Data", "Panda.Data\Panda.Data.csproj", "{833D2ABB-1730-43E7-BA80-78A63021611C}"
EndProject
Global
	GlobalSection(SolutionConfigurationPlatforms) = preSolution
		Debug|Any CPU = Debug|Any CPU
		Release|Any CPU = Release|Any CPU
	EndGlobalSection
	GlobalSection(ProjectConfigurationPlatforms) = postSolution
		{BA1C272B-F833-4266-BF76-6E74B1E61B99}.Debug|Any CPU.ActiveCfg = Debug|Any CPU
		{BA1C272B-F833-4266-BF76-6E74B1E61B99}.Debug|Any CPU.Build.0 = Debug|Any CPU
		{BA1C272B-F833-4266-BF76-6E74B1E61B99}.Release|Any CPU.ActiveCfg = Release|Any CPU
		{BA1C272B-F833-4266-BF76-6E74B1E61B99}.Release|Any CPU.Build.0 = Release|Any CPU
		{28172E41-B6E7-486A-B07D-FADCCAF5B260}.Debug|Any CPU.ActiveCfg = Debug|Any CPU
		{28172E41-B6E7-486A-B07D-FADCCAF5B260}.Debug|Any CPU.Build.0 = Debug|Any CPU
		{28172E41-B6E7-486A-B07D-FADCCAF5B260}.Release|Any CPU.ActiveCfg = Release|Any CPU
		{28172E41-B6E7-486A-B07D-FADCCAF5B260}.Release|Any CPU.Build.0 = Release|Any CPU
		{833D2ABB-1730-43E7-BA80-78A63021611C}.Debug|Any CPU.ActiveCfg = Debug|Any CPU
		{833D2ABB-1730-43E7-BA80-78A63021611C}.Debug|Any CPU.Build.0 = Debug|Any CPU
		{833D2ABB-1730-43E7-BA80-78A63021611C}.Release|Any CPU.ActiveCfg = Release|Any CPU
		{833D2ABB-1730-43E7-BA80-78A63021611C}.Release|Any CPU.Build.0 = Release|Any CPU
	EndGlobalSection
	GlobalSection(SolutionProperties) = preSolution
		HideSolutionNode = FALSE
	EndGlobalSection
	GlobalSection(ExtensibilityGlobals) = postSolution
		SolutionGuid = {BD67ADC5-347B-4EE0-9905-094964A1B41C}
	EndGlobalSection
EndGlobal
