
Microsoft Visual Studio Solution File, Format Version 12.00
# Visual Studio 15
VisualStudioVersion = 15.0.28010.2050
MinimumVisualStudioVersion = 10.0.40219.1
Project("{FAE04EC0-301F-11D3-BF4B-00C04F79EFBC}") = "FluffyDuffyMunchkinCats", "FluffyDuffyMunchkinCats\FluffyDuffyMunchkinCats.csproj", "{AFCC639E-539A-41B6-8641-9C45F2030FC8}"
EndProject
Global
	GlobalSection(SolutionConfigurationPlatforms) = preSolution
		Debug|Any CPU = Debug|Any CPU
		Release|Any CPU = Release|Any CPU
	EndGlobalSection
	GlobalSection(ProjectConfigurationPlatforms) = postSolution
		{AFCC639E-539A-41B6-8641-9C45F2030FC8}.Debug|Any CPU.ActiveCfg = Debug|Any CPU
		{AFCC639E-539A-41B6-8641-9C45F2030FC8}.Debug|Any CPU.Build.0 = Debug|Any CPU
		{AFCC639E-539A-41B6-8641-9C45F2030FC8}.Release|Any CPU.ActiveCfg = Release|Any CPU
		{AFCC639E-539A-41B6-8641-9C45F2030FC8}.Release|Any CPU.Build.0 = Release|Any CPU
	EndGlobalSection
	GlobalSection(SolutionProperties) = preSolution
		HideSolutionNode = FALSE
	EndGlobalSection
	GlobalSection(ExtensibilityGlobals) = postSolution
		SolutionGuid = {201F4272-B7D8-4F65-A630-502CEAA01AAF}
	EndGlobalSection
EndGlobal
